
Microsoft Visual Studio Solution File, Format Version 12.00
# Visual Studio Version 16
VisualStudioVersion = 16.0.34031.81
MinimumVisualStudioVersion = 10.0.40219.1
Project("{FAE04EC0-301F-11D3-BF4B-00C04F79EFBC}") = "Tyuiu.FominIN.Sprint2.Task0.V6", "Tyuiu.FominIN.Sprint2.Task0.V6\Tyuiu.FominIN.Sprint2.Task0.V6.csproj", "{19D866FB-FCF9-4440-97F2-DA4DC0B617ED}"
EndProject
Project("{2150E333-8FDC-42A3-9474-1A3956D46DE8}") = "Task0", "Task0", "{59725D89-EEE0-4A7B-80EE-4A8DE73A3C00}"
EndProject
Project("{FAE04EC0-301F-11D3-BF4B-00C04F79EFBC}") = "Tyuiu.FominIN.Sprint2.Task0.V6.Lib", "Tyuiu.FominIN.Sprint2.Task0.V6.Lib\Tyuiu.FominIN.Sprint2.Task0.V6.Lib.csproj", "{E6022152-C967-48F6-814C-DBB627609B06}"
EndProject
Project("{FAE04EC0-301F-11D3-BF4B-00C04F79EFBC}") = "Tyuiu.FominIN.Sprint2.Task0.V6.Test", "Tyuiu.FominIN.Sprint2.Task0.V6.Test\Tyuiu.FominIN.Sprint2.Task0.V6.Test.csproj", "{BD6228B9-8A6E-4639-82BD-29553F42EB2B}"
EndProject
Project("{2150E333-8FDC-42A3-9474-1A3956D46DE8}") = "Task1", "Task1", "{BF457866-FA12-4DD3-88A7-E0E5C22AABDE}"
EndProject
Project("{FAE04EC0-301F-11D3-BF4B-00C04F79EFBC}") = "Tyuiu.FominIN.Sprint2.Task1.V8", "Tyuiu.FominIN.Sprint2.Task1.V8\Tyuiu.FominIN.Sprint2.Task1.V8.csproj", "{5F7A2276-A7AD-4F0A-8DA2-7F8886A355E6}"
EndProject
Project("{FAE04EC0-301F-11D3-BF4B-00C04F79EFBC}") = "Tyuiu.FominIN.Sprint2.Task1.V8.Lib", "Tyuiu.FominIN.Sprint2.Task1.V8.Lib\Tyuiu.FominIN.Sprint2.Task1.V8.Lib.csproj", "{5199FA66-7418-418F-98E3-C09689A01601}"
EndProject
Project("{FAE04EC0-301F-11D3-BF4B-00C04F79EFBC}") = "Tyuiu.FominIN.Sprint2.Task1.V8.Test", "Tyuiu.FominIN.Sprint2.Task1.V8.Test\Tyuiu.FominIN.Sprint2.Task1.V8.Test.csproj", "{B9961BC6-8A80-437C-BE60-83E50050DF3B}"
EndProject
Project("{2150E333-8FDC-42A3-9474-1A3956D46DE8}") = "Task2", "Task2", "{B315D356-F3D1-41FD-9E22-0798F8E3C707}"
EndProject
Project("{FAE04EC0-301F-11D3-BF4B-00C04F79EFBC}") = "Tyuiu.FominIN.Sprint2.Task2.V8", "Tyuiu.FominIN.Sprint2.Task2.V8\Tyuiu.FominIN.Sprint2.Task2.V8.csproj", "{27366321-4B28-4F6F-95FC-C122079681D6}"
EndProject
Project("{FAE04EC0-301F-11D3-BF4B-00C04F79EFBC}") = "Tyuiu.FominIN.Sprint2.Task2.V8.Lib", "Tyuiu.FominIN.Sprint2.Task2.V8.Lib\Tyuiu.FominIN.Sprint2.Task2.V8.Lib.csproj", "{E7C4643D-6E95-421C-A797-E81BA1343EEA}"
EndProject
Project("{FAE04EC0-301F-11D3-BF4B-00C04F79EFBC}") = "Tyuiu.FominIN.Sprint2.Task2.V8.Test", "Tyuiu.FominIN.Sprint2.Task2.V8.Test\Tyuiu.FominIN.Sprint2.Task2.V8.Test.csproj", "{474F94FD-53FA-43D4-8D14-C31C5E115422}"
EndProject
Project("{2150E333-8FDC-42A3-9474-1A3956D46DE8}") = "Task3", "Task3", "{12941D76-8B93-4EFF-963B-25DC081FD991}"
EndProject
Project("{FAE04EC0-301F-11D3-BF4B-00C04F79EFBC}") = "Tyuiu.FominIN.Sprint2.Task3.V22", "Tyuiu.FominIN.Sprint2.Task3.V22\Tyuiu.FominIN.Sprint2.Task3.V22.csproj", "{0DE32958-0BE9-4E9E-8CCA-1340F7B9B4DC}"
EndProject
Project("{FAE04EC0-301F-11D3-BF4B-00C04F79EFBC}") = "Tyuiu.FominIN.Sprint2.Task3.V22.Lib", "Tyuiu.FominIN.Sprint2.Task3.V22.Lib\Tyuiu.FominIN.Sprint2.Task3.V22.Lib.csproj", "{7E5E727C-6E17-453B-8A35-F5EFB2856F0C}"
EndProject
Project("{FAE04EC0-301F-11D3-BF4B-00C04F79EFBC}") = "Tyuiu.FominIN.Sprint2.Task3.V22.Test", "Tyuiu.FominIN.Sprint2.Task3.V22.Test\Tyuiu.FominIN.Sprint2.Task3.V22.Test.csproj", "{E47F14CA-ED9A-4DC9-8DD2-11D964B733B5}"
EndProject
Global
	GlobalSection(SolutionConfigurationPlatforms) = preSolution
		Debug|Any CPU = Debug|Any CPU
		Release|Any CPU = Release|Any CPU
	EndGlobalSection
	GlobalSection(ProjectConfigurationPlatforms) = postSolution
		{19D866FB-FCF9-4440-97F2-DA4DC0B617ED}.Debug|Any CPU.ActiveCfg = Debug|Any CPU
		{19D866FB-FCF9-4440-97F2-DA4DC0B617ED}.Debug|Any CPU.Build.0 = Debug|Any CPU
		{19D866FB-FCF9-4440-97F2-DA4DC0B617ED}.Release|Any CPU.ActiveCfg = Release|Any CPU
		{19D866FB-FCF9-4440-97F2-DA4DC0B617ED}.Release|Any CPU.Build.0 = Release|Any CPU
		{E6022152-C967-48F6-814C-DBB627609B06}.Debug|Any CPU.ActiveCfg = Debug|Any CPU
		{E6022152-C967-48F6-814C-DBB627609B06}.Debug|Any CPU.Build.0 = Debug|Any CPU
		{E6022152-C967-48F6-814C-DBB627609B06}.Release|Any CPU.ActiveCfg = Release|Any CPU
		{E6022152-C967-48F6-814C-DBB627609B06}.Release|Any CPU.Build.0 = Release|Any CPU
		{BD6228B9-8A6E-4639-82BD-29553F42EB2B}.Debug|Any CPU.ActiveCfg = Debug|Any CPU
		{BD6228B9-8A6E-4639-82BD-29553F42EB2B}.Debug|Any CPU.Build.0 = Debug|Any CPU
		{BD6228B9-8A6E-4639-82BD-29553F42EB2B}.Release|Any CPU.ActiveCfg = Release|Any CPU
		{BD6228B9-8A6E-4639-82BD-29553F42EB2B}.Release|Any CPU.Build.0 = Release|Any CPU
		{5F7A2276-A7AD-4F0A-8DA2-7F8886A355E6}.Debug|Any CPU.ActiveCfg = Debug|Any CPU
		{5F7A2276-A7AD-4F0A-8DA2-7F8886A355E6}.Debug|Any CPU.Build.0 = Debug|Any CPU
		{5F7A2276-A7AD-4F0A-8DA2-7F8886A355E6}.Release|Any CPU.ActiveCfg = Release|Any CPU
		{5F7A2276-A7AD-4F0A-8DA2-7F8886A355E6}.Release|Any CPU.Build.0 = Release|Any CPU
		{5199FA66-7418-418F-98E3-C09689A01601}.Debug|Any CPU.ActiveCfg = Debug|Any CPU
		{5199FA66-7418-418F-98E3-C09689A01601}.Debug|Any CPU.Build.0 = Debug|Any CPU
		{5199FA66-7418-418F-98E3-C09689A01601}.Release|Any CPU.ActiveCfg = Release|Any CPU
		{5199FA66-7418-418F-98E3-C09689A01601}.Release|Any CPU.Build.0 = Release|Any CPU
		{B9961BC6-8A80-437C-BE60-83E50050DF3B}.Debug|Any CPU.ActiveCfg = Debug|Any CPU
		{B9961BC6-8A80-437C-BE60-83E50050DF3B}.Debug|Any CPU.Build.0 = Debug|Any CPU
		{B9961BC6-8A80-437C-BE60-83E50050DF3B}.Release|Any CPU.ActiveCfg = Release|Any CPU
		{B9961BC6-8A80-437C-BE60-83E50050DF3B}.Release|Any CPU.Build.0 = Release|Any CPU
		{27366321-4B28-4F6F-95FC-C122079681D6}.Debug|Any CPU.ActiveCfg = Debug|Any CPU
		{27366321-4B28-4F6F-95FC-C122079681D6}.Debug|Any CPU.Build.0 = Debug|Any CPU
		{27366321-4B28-4F6F-95FC-C122079681D6}.Release|Any CPU.ActiveCfg = Release|Any CPU
		{27366321-4B28-4F6F-95FC-C122079681D6}.Release|Any CPU.Build.0 = Release|Any CPU
		{E7C4643D-6E95-421C-A797-E81BA1343EEA}.Debug|Any CPU.ActiveCfg = Debug|Any CPU
		{E7C4643D-6E95-421C-A797-E81BA1343EEA}.Debug|Any CPU.Build.0 = Debug|Any CPU
		{E7C4643D-6E95-421C-A797-E81BA1343EEA}.Release|Any CPU.ActiveCfg = Release|Any CPU
		{E7C4643D-6E95-421C-A797-E81BA1343EEA}.Release|Any CPU.Build.0 = Release|Any CPU
		{474F94FD-53FA-43D4-8D14-C31C5E115422}.Debug|Any CPU.ActiveCfg = Debug|Any CPU
		{474F94FD-53FA-43D4-8D14-C31C5E115422}.Debug|Any CPU.Build.0 = Debug|Any CPU
		{474F94FD-53FA-43D4-8D14-C31C5E115422}.Release|Any CPU.ActiveCfg = Release|Any CPU
		{474F94FD-53FA-43D4-8D14-C31C5E115422}.Release|Any CPU.Build.0 = Release|Any CPU
		{0DE32958-0BE9-4E9E-8CCA-1340F7B9B4DC}.Debug|Any CPU.ActiveCfg = Debug|Any CPU
		{0DE32958-0BE9-4E9E-8CCA-1340F7B9B4DC}.Debug|Any CPU.Build.0 = Debug|Any CPU
		{0DE32958-0BE9-4E9E-8CCA-1340F7B9B4DC}.Release|Any CPU.ActiveCfg = Release|Any CPU
		{0DE32958-0BE9-4E9E-8CCA-1340F7B9B4DC}.Release|Any CPU.Build.0 = Release|Any CPU
		{7E5E727C-6E17-453B-8A35-F5EFB2856F0C}.Debug|Any CPU.ActiveCfg = Debug|Any CPU
		{7E5E727C-6E17-453B-8A35-F5EFB2856F0C}.Debug|Any CPU.Build.0 = Debug|Any CPU
		{7E5E727C-6E17-453B-8A35-F5EFB2856F0C}.Release|Any CPU.ActiveCfg = Release|Any CPU
		{7E5E727C-6E17-453B-8A35-F5EFB2856F0C}.Release|Any CPU.Build.0 = Release|Any CPU
		{E47F14CA-ED9A-4DC9-8DD2-11D964B733B5}.Debug|Any CPU.ActiveCfg = Debug|Any CPU
		{E47F14CA-ED9A-4DC9-8DD2-11D964B733B5}.Debug|Any CPU.Build.0 = Debug|Any CPU
		{E47F14CA-ED9A-4DC9-8DD2-11D964B733B5}.Release|Any CPU.ActiveCfg = Release|Any CPU
		{E47F14CA-ED9A-4DC9-8DD2-11D964B733B5}.Release|Any CPU.Build.0 = Release|Any CPU
	EndGlobalSection
	GlobalSection(SolutionProperties) = preSolution
		HideSolutionNode = FALSE
	EndGlobalSection
	GlobalSection(NestedProjects) = preSolution
		{19D866FB-FCF9-4440-97F2-DA4DC0B617ED} = {59725D89-EEE0-4A7B-80EE-4A8DE73A3C00}
		{E6022152-C967-48F6-814C-DBB627609B06} = {59725D89-EEE0-4A7B-80EE-4A8DE73A3C00}
		{BD6228B9-8A6E-4639-82BD-29553F42EB2B} = {59725D89-EEE0-4A7B-80EE-4A8DE73A3C00}
		{5F7A2276-A7AD-4F0A-8DA2-7F8886A355E6} = {BF457866-FA12-4DD3-88A7-E0E5C22AABDE}
		{5199FA66-7418-418F-98E3-C09689A01601} = {BF457866-FA12-4DD3-88A7-E0E5C22AABDE}
		{B9961BC6-8A80-437C-BE60-83E50050DF3B} = {BF457866-FA12-4DD3-88A7-E0E5C22AABDE}
		{27366321-4B28-4F6F-95FC-C122079681D6} = {B315D356-F3D1-41FD-9E22-0798F8E3C707}
		{E7C4643D-6E95-421C-A797-E81BA1343EEA} = {B315D356-F3D1-41FD-9E22-0798F8E3C707}
		{474F94FD-53FA-43D4-8D14-C31C5E115422} = {B315D356-F3D1-41FD-9E22-0798F8E3C707}
		{0DE32958-0BE9-4E9E-8CCA-1340F7B9B4DC} = {12941D76-8B93-4EFF-963B-25DC081FD991}
		{7E5E727C-6E17-453B-8A35-F5EFB2856F0C} = {12941D76-8B93-4EFF-963B-25DC081FD991}
		{E47F14CA-ED9A-4DC9-8DD2-11D964B733B5} = {12941D76-8B93-4EFF-963B-25DC081FD991}
	EndGlobalSection
	GlobalSection(ExtensibilityGlobals) = postSolution
		SolutionGuid = {2CF06F01-5757-4AB9-A9BD-4D41AE0A8F03}
	EndGlobalSection
EndGlobal
